// !$*UTF8*$!
{
	archiveVersion = 1;
	classes = {
	};
	objectVersion = 55;
	objects = {

/* Begin PBXBuildFile section */
		C865E43A67500D271D04E8A1 /* Pods_LoginValidation.framework in Frameworks */ = {isa = PBXBuildFile; fileRef = 41321421EE966C2DCE65986A /* Pods_LoginValidation.framework */; };
		F53F0D6E28A11ECA000BF560 /* SignInViewModel.swift in Sources */ = {isa = PBXBuildFile; fileRef = F53F0D6D28A11ECA000BF560 /* SignInViewModel.swift */; };
		F5FE5BCC28A114CF007F9A74 /* AppDelegate.swift in Sources */ = {isa = PBXBuildFile; fileRef = F5FE5BCB28A114CF007F9A74 /* AppDelegate.swift */; };
		F5FE5BCE28A114CF007F9A74 /* SceneDelegate.swift in Sources */ = {isa = PBXBuildFile; fileRef = F5FE5BCD28A114CF007F9A74 /* SceneDelegate.swift */; };
		F5FE5BD028A114CF007F9A74 /* SignInViewController.swift in Sources */ = {isa = PBXBuildFile; fileRef = F5FE5BCF28A114CF007F9A74 /* SignInViewController.swift */; };
		F5FE5BD528A114D0007F9A74 /* Assets.xcassets in Resources */ = {isa = PBXBuildFile; fileRef = F5FE5BD428A114D0007F9A74 /* Assets.xcassets */; };
		F5FE5BD828A114D0007F9A74 /* LaunchScreen.storyboard in Resources */ = {isa = PBXBuildFile; fileRef = F5FE5BD628A114D0007F9A74 /* LaunchScreen.storyboard */; };
/* End PBXBuildFile section */

/* Begin PBXFileReference section */
		41321421EE966C2DCE65986A /* Pods_LoginValidation.framework */ = {isa = PBXFileReference; explicitFileType = wrapper.framework; includeInIndex = 0; path = Pods_LoginValidation.framework; sourceTree = BUILT_PRODUCTS_DIR; };
		A02CAE858535A8D855BC2848 /* Pods-LoginValidation.debug.xcconfig */ = {isa = PBXFileReference; includeInIndex = 1; lastKnownFileType = text.xcconfig; name = "Pods-LoginValidation.debug.xcconfig"; path = "Target Support Files/Pods-LoginValidation/Pods-LoginValidation.debug.xcconfig"; sourceTree = "<group>"; };
		E660BB06FE19C7B73E1BF66B /* Pods-LoginValidation.release.xcconfig */ = {isa = PBXFileReference; includeInIndex = 1; lastKnownFileType = text.xcconfig; name = "Pods-LoginValidation.release.xcconfig"; path = "Target Support Files/Pods-LoginValidation/Pods-LoginValidation.release.xcconfig"; sourceTree = "<group>"; };
		F53F0D6D28A11ECA000BF560 /* SignInViewModel.swift */ = {isa = PBXFileReference; lastKnownFileType = sourcecode.swift; path = SignInViewModel.swift; sourceTree = "<group>"; };
		F5FE5BC828A114CF007F9A74 /* LoginValidation.app */ = {isa = PBXFileReference; explicitFileType = wrapper.application; includeInIndex = 0; path = LoginValidation.app; sourceTree = BUILT_PRODUCTS_DIR; };
		F5FE5BCB28A114CF007F9A74 /* AppDelegate.swift */ = {isa = PBXFileReference; lastKnownFileType = sourcecode.swift; path = AppDelegate.swift; sourceTree = "<group>"; };
		F5FE5BCD28A114CF007F9A74 /* SceneDelegate.swift */ = {isa = PBXFileReference; lastKnownFileType = sourcecode.swift; path = SceneDelegate.swift; sourceTree = "<group>"; };
		F5FE5BCF28A114CF007F9A74 /* SignInViewController.swift */ = {isa = PBXFileReference; lastKnownFileType = sourcecode.swift; path = SignInViewController.swift; sourceTree = "<group>"; };
		F5FE5BD428A114D0007F9A74 /* Assets.xcassets */ = {isa = PBXFileReference; lastKnownFileType = folder.assetcatalog; path = Assets.xcassets; sourceTree = "<group>"; };
		F5FE5BD728A114D0007F9A74 /* Base */ = {isa = PBXFileReference; lastKnownFileType = file.storyboard; name = Base; path = Base.lproj/LaunchScreen.storyboard; sourceTree = "<group>"; };
		F5FE5BD928A114D0007F9A74 /* Info.plist */ = {isa = PBXFileReference; lastKnownFileType = text.plist.xml; path = Info.plist; sourceTree = "<group>"; };
/* End PBXFileReference section */

/* Begin PBXFrameworksBuildPhase section */
		F5FE5BC528A114CF007F9A74 /* Frameworks */ = {
			isa = PBXFrameworksBuildPhase;
			buildActionMask = 2147483647;
			files = (
				C865E43A67500D271D04E8A1 /* Pods_LoginValidation.framework in Frameworks */,
			);
			runOnlyForDeploymentPostprocessing = 0;
		};
/* End PBXFrameworksBuildPhase section */

/* Begin PBXGroup section */
		274FB8512C146BFA5062E5EA /* Pods */ = {
			isa = PBXGroup;
			children = (
				A02CAE858535A8D855BC2848 /* Pods-LoginValidation.debug.xcconfig */,
				E660BB06FE19C7B73E1BF66B /* Pods-LoginValidation.release.xcconfig */,
			);
			path = Pods;
			sourceTree = "<group>";
		};
		47208B0621939B11D1F6B457 /* Frameworks */ = {
			isa = PBXGroup;
			children = (
				41321421EE966C2DCE65986A /* Pods_LoginValidation.framework */,
			);
			name = Frameworks;
			sourceTree = "<group>";
		};
		F5FE5BBF28A114CF007F9A74 = {
			isa = PBXGroup;
			children = (
				F5FE5BCA28A114CF007F9A74 /* LoginValidation */,
				F5FE5BC928A114CF007F9A74 /* Products */,
				274FB8512C146BFA5062E5EA /* Pods */,
				47208B0621939B11D1F6B457 /* Frameworks */,
			);
			sourceTree = "<group>";
		};
		F5FE5BC928A114CF007F9A74 /* Products */ = {
			isa = PBXGroup;
			children = (
				F5FE5BC828A114CF007F9A74 /* LoginValidation.app */,
			);
			name = Products;
			sourceTree = "<group>";
		};
		F5FE5BCA28A114CF007F9A74 /* LoginValidation */ = {
			isa = PBXGroup;
			children = (
				F5FE5BCB28A114CF007F9A74 /* AppDelegate.swift */,
				F5FE5BCD28A114CF007F9A74 /* SceneDelegate.swift */,
				F5FE5BCF28A114CF007F9A74 /* SignInViewController.swift */,
				F53F0D6D28A11ECA000BF560 /* SignInViewModel.swift */,
				F5FE5BD428A114D0007F9A74 /* Assets.xcassets */,
				F5FE5BD628A114D0007F9A74 /* LaunchScreen.storyboard */,
				F5FE5BD928A114D0007F9A74 /* Info.plist */,
			);
			path = LoginValidation;
			sourceTree = "<group>";
		};
/* End PBXGroup section */

/* Begin PBXNativeTarget section */
		F5FE5BC728A114CF007F9A74 /* LoginValidation */ = {
			isa = PBXNativeTarget;
			buildConfigurationList = F5FE5BDC28A114D0007F9A74 /* Build configuration list for PBXNativeTarget "LoginValidation" */;
			buildPhases = (
				371C66D9D2583B3201ACFA6E /* [CP] Check Pods Manifest.lock */,
				F5FE5BC428A114CF007F9A74 /* Sources */,
				F5FE5BC528A114CF007F9A74 /* Frameworks */,
				F5FE5BC628A114CF007F9A74 /* Resources */,
				B3EFF83F89E516CE59A7100C /* [CP] Embed Pods Frameworks */,
			);
			buildRules = (
			);
			dependencies = (
			);
			name = LoginValidation;
			productName = LoginValidation;
			productReference = F5FE5BC828A114CF007F9A74 /* LoginValidation.app */;
			productType = "com.apple.product-type.application";
		};
/* End PBXNativeTarget section */

/* Begin PBXProject section */
		F5FE5BC028A114CF007F9A74 /* Project object */ = {
			isa = PBXProject;
			attributes = {
				BuildIndependentTargetsInParallel = 1;
				LastSwiftUpdateCheck = 1340;
				LastUpgradeCheck = 1340;
				TargetAttributes = {
					F5FE5BC728A114CF007F9A74 = {
						CreatedOnToolsVersion = 13.4.1;
					};
				};
			};
			buildConfigurationList = F5FE5BC328A114CF007F9A74 /* Build configuration list for PBXProject "LoginValidation" */;
			compatibilityVersion = "Xcode 13.0";
			developmentRegion = en;
			hasScannedForEncodings = 0;
			knownRegions = (
				en,
				Base,
			);
			mainGroup = F5FE5BBF28A114CF007F9A74;
			productRefGroup = F5FE5BC928A114CF007F9A74 /* Products */;
			projectDirPath = "";
			projectRoot = "";
			targets = (
				F5FE5BC728A114CF007F9A74 /* LoginValidation */,
			);
		};
/* End PBXProject section */

/* Begin PBXResourcesBuildPhase section */
		F5FE5BC628A114CF007F9A74 /* Resources */ = {
			isa = PBXResourcesBuildPhase;
			buildActionMask = 2147483647;
			files = (
				F5FE5BD828A114D0007F9A74 /* LaunchScreen.storyboard in Resources */,
				F5FE5BD528A114D0007F9A74 /* Assets.xcassets in Resources */,
			);
			runOnlyForDeploymentPostprocessing = 0;
		};
/* End PBXResourcesBuildPhase section */

/* Begin PBXShellScriptBuildPhase section */
		371C66D9D2583B3201ACFA6E /* [CP] Check Pods Manifest.lock */ = {
			isa = PBXShellScriptBuildPhase;
			buildActionMask = 2147483647;
			files = (
			);
			inputFileListPaths = (
			);
			inputPaths = (
				"${PODS_PODFILE_DIR_PATH}/Podfile.lock",
				"${PODS_ROOT}/Manifest.lock",
			);
			name = "[CP] Check Pods Manifest.lock";
			outputFileListPaths = (
			);
			outputPaths = (
				"$(DERIVED_FILE_DIR)/Pods-LoginValidation-checkManifestLockResult.txt",
			);
			runOnlyForDeploymentPostprocessing = 0;
			shellPath = /bin/sh;
			shellScript = "diff \"${PODS_PODFILE_DIR_PATH}/Podfile.lock\" \"${PODS_ROOT}/Manifest.lock\" > /dev/null\nif [ $? != 0 ] ; then\n    # print error to STDERR\n    echo \"error: The sandbox is not in sync with the Podfile.lock. Run 'pod install' or update your CocoaPods installation.\" >&2\n    exit 1\nfi\n# This output is used by Xcode 'outputs' to avoid re-running this script phase.\necho \"SUCCESS\" > \"${SCRIPT_OUTPUT_FILE_0}\"\n";
			showEnvVarsInLog = 0;
		};
		B3EFF83F89E516CE59A7100C /* [CP] Embed Pods Frameworks */ = {
			isa = PBXShellScriptBuildPhase;
			buildActionMask = 2147483647;
			files = (
			);
			inputFileListPaths = (
				"${PODS_ROOT}/Target Support Files/Pods-LoginValidation/Pods-LoginValidation-frameworks-${CONFIGURATION}-input-files.xcfilelist",
			);
			name = "[CP] Embed Pods Frameworks";
			outputFileListPaths = (
				"${PODS_ROOT}/Target Support Files/Pods-LoginValidation/Pods-LoginValidation-frameworks-${CONFIGURATION}-output-files.xcfilelist",
			);
			runOnlyForDeploymentPostprocessing = 0;
			shellPath = /bin/sh;
			shellScript = "\"${PODS_ROOT}/Target Support Files/Pods-LoginValidation/Pods-LoginValidation-frameworks.sh\"\n";
			showEnvVarsInLog = 0;
		};
/* End PBXShellScriptBuildPhase section */

/* Begin PBXSourcesBuildPhase section */
		F5FE5BC428A114CF007F9A74 /* Sources */ = {
			isa = PBXSourcesBuildPhase;
			buildActionMask = 2147483647;
			files = (
				F5FE5BD028A114CF007F9A74 /* SignInViewController.swift in Sources */,
				F5FE5BCC28A114CF007F9A74 /* AppDelegate.swift in Sources */,
				F53F0D6E28A11ECA000BF560 /* SignInViewModel.swift in Sources */,
				F5FE5BCE28A114CF007F9A74 /* SceneDelegate.swift in Sources */,
			);
			runOnlyForDeploymentPostprocessing = 0;
		};
/* End PBXSourcesBuildPhase section */

/* Begin PBXVariantGroup section */
		F5FE5BD628A114D0007F9A74 /* LaunchScreen.storyboard */ = {
			isa = PBXVariantGroup;
			children = (
				F5FE5BD728A114D0007F9A74 /* Base */,
			);
			name = LaunchScreen.storyboard;
			sourceTree = "<group>";
		};
/* End PBXVariantGroup section */

/* Begin XCBuildConfiguration section */
		F5FE5BDA28A114D0007F9A74 /* Debug */ = {
			isa = XCBuildConfiguration;
			buildSettings = {
				ALWAYS_SEARCH_USER_PATHS = NO;
				CLANG_ANALYZER_NONNULL = YES;
				CLANG_ANALYZER_NUMBER_OBJECT_CONVERSION = YES_AGGRESSIVE;
				CLANG_CXX_LANGUAGE_STANDARD = "gnu++17";
				CLANG_ENABLE_MODULES = YES;
				CLANG_ENABLE_OBJC_ARC = YES;
				CLANG_ENABLE_OBJC_WEAK = YES;
				CLANG_WARN_BLOCK_CAPTURE_AUTORELEASING = YES;
				CLANG_WARN_BOOL_CONVERSION = YES;
				CLANG_WARN_COMMA = YES;
				CLANG_WARN_CONSTANT_CONVERSION = YES;
				CLANG_WARN_DEPRECATED_OBJC_IMPLEMENTATIONS = YES;
				CLANG_WARN_DIRECT_OBJC_ISA_USAGE = YES_ERROR;
				CLANG_WARN_DOCUMENTATION_COMMENTS = YES;
				CLANG_WARN_EMPTY_BODY = YES;
				CLANG_WARN_ENUM_CONVERSION = YES;
				CLANG_WARN_INFINITE_RECURSION = YES;
				CLANG_WARN_INT_CONVERSION = YES;
				CLANG_WARN_NON_LITERAL_NULL_CONVERSION = YES;
				CLANG_WARN_OBJC_IMPLICIT_RETAIN_SELF = YES;
				CLANG_WARN_OBJC_LITERAL_CONVERSION = YES;
				CLANG_WARN_OBJC_ROOT_CLASS = YES_ERROR;
				CLANG_WARN_QUOTED_INCLUDE_IN_FRAMEWORK_HEADER = YES;
				CLANG_WARN_RANGE_LOOP_ANALYSIS = YES;
				CLANG_WARN_STRICT_PROTOTYPES = YES;
				CLANG_WARN_SUSPICIOUS_MOVE = YES;
				CLANG_WARN_UNGUARDED_AVAILABILITY = YES_AGGRESSIVE;
				CLANG_WARN_UNREACHABLE_CODE = YES;
				CLANG_WARN__DUPLICATE_METHOD_MATCH = YES;
				COPY_PHASE_STRIP = NO;
				DEBUG_INFORMATION_FORMAT = dwarf;
				ENABLE_STRICT_OBJC_MSGSEND = YES;
				ENABLE_TESTABILITY = YES;
				GCC_C_LANGUAGE_STANDARD = gnu11;
				GCC_DYNAMIC_NO_PIC = NO;
				GCC_NO_COMMON_BLOCKS = YES;
				GCC_OPTIMIZATION_LEVEL = 0;
				GCC_PREPROCESSOR_DEFINITIONS = (
					"DEBUG=1",
					"$(inherited)",
				);
				GCC_WARN_64_TO_32_BIT_CONVERSION = YES;
				GCC_WARN_ABOUT_RETURN_TYPE = YES_ERROR;
				GCC_WARN_UNDECLARED_SELECTOR = YES;
				GCC_WARN_UNINITIALIZED_AUTOS = YES_AGGRESSIVE;
				GCC_WARN_UNUSED_FUNCTION = YES;
				GCC_WARN_UNUSED_VARIABLE = YES;
				IPHONEOS_DEPLOYMENT_TARGET = 15.5;
				MTL_ENABLE_DEBUG_INFO = INCLUDE_SOURCE;
				MTL_FAST_MATH = YES;
				ONLY_ACTIVE_ARCH = YES;
				SDKROOT = iphoneos;
				SWIFT_ACTIVE_COMPILATION_CONDITIONS = DEBUG;
				SWIFT_OPTIMIZATION_LEVEL = "-Onone";
			};
			name = Debug;
		};
		F5FE5BDB28A114D0007F9A74 /* Release */ = {
			isa = XCBuildConfiguration;
			buildSettings = {
				ALWAYS_SEARCH_USER_PATHS = NO;
				CLANG_ANALYZER_NONNULL = YES;
				CLANG_ANALYZER_NUMBER_OBJECT_CONVERSION = YES_AGGRESSIVE;
				CLANG_CXX_LANGUAGE_STANDARD = "gnu++17";
				CLANG_ENABLE_MODULES = YES;
				CLANG_ENABLE_OBJC_ARC = YES;
				CLANG_ENABLE_OBJC_WEAK = YES;
				CLANG_WARN_BLOCK_CAPTURE_AUTORELEASING = YES;
				CLANG_WARN_BOOL_CONVERSION = YES;
				CLANG_WARN_COMMA = YES;
				CLANG_WARN_CONSTANT_CONVERSION = YES;
				CLANG_WARN_DEPRECATED_OBJC_IMPLEMENTATIONS = YES;
				CLANG_WARN_DIRECT_OBJC_ISA_USAGE = YES_ERROR;
				CLANG_WARN_DOCUMENTATION_COMMENTS = YES;
				CLANG_WARN_EMPTY_BODY = YES;
				CLANG_WARN_ENUM_CONVERSION = YES;
				CLANG_WARN_INFINITE_RECURSION = YES;
				CLANG_WARN_INT_CONVERSION = YES;
				CLANG_WARN_NON_LITERAL_NULL_CONVERSION = YES;
				CLANG_WARN_OBJC_IMPLICIT_RETAIN_SELF = YES;
				CLANG_WARN_OBJC_LITERAL_CONVERSION = YES;
				CLANG_WARN_OBJC_ROOT_CLASS = YES_ERROR;
				CLANG_WARN_QUOTED_INCLUDE_IN_FRAMEWORK_HEADER = YES;
				CLANG_WARN_RANGE_LOOP_ANALYSIS = YES;
				CLANG_WARN_STRICT_PROTOTYPES = YES;
				CLANG_WARN_SUSPICIOUS_MOVE = YES;
				CLANG_WARN_UNGUARDED_AVAILABILITY = YES_AGGRESSIVE;
				CLANG_WARN_UNREACHABLE_CODE = YES;
				CLANG_WARN__DUPLICATE_METHOD_MATCH = YES;
				COPY_PHASE_STRIP = NO;
				DEBUG_INFORMATION_FORMAT = "dwarf-with-dsym";
				ENABLE_NS_ASSERTIONS = NO;
				ENABLE_STRICT_OBJC_MSGSEND = YES;
				GCC_C_LANGUAGE_STANDARD = gnu11;
				GCC_NO_COMMON_BLOCKS = YES;
				GCC_WARN_64_TO_32_BIT_CONVERSION = YES;
				GCC_WARN_ABOUT_RETURN_TYPE = YES_ERROR;
				GCC_WARN_UNDECLARED_SELECTOR = YES;
				GCC_WARN_UNINITIALIZED_AUTOS = YES_AGGRESSIVE;
				GCC_WARN_UNUSED_FUNCTION = YES;
				GCC_WARN_UNUSED_VARIABLE = YES;
				IPHONEOS_DEPLOYMENT_TARGET = 15.5;
				MTL_ENABLE_DEBUG_INFO = NO;
				MTL_FAST_MATH = YES;
				SDKROOT = iphoneos;
				SWIFT_COMPILATION_MODE = wholemodule;
				SWIFT_OPTIMIZATION_LEVEL = "-O";
				VALIDATE_PRODUCT = YES;
			};
			name = Release;
		};
		F5FE5BDD28A114D0007F9A74 /* Debug */ = {
			isa = XCBuildConfiguration;
			baseConfigurationReference = A02CAE858535A8D855BC2848 /* Pods-LoginValidation.debug.xcconfig */;
			buildSettings = {
				ASSETCATALOG_COMPILER_APPICON_NAME = AppIcon;
				ASSETCATALOG_COMPILER_GLOBAL_ACCENT_COLOR_NAME = AccentColor;
				CODE_SIGN_STYLE = Automatic;
				CURRENT_PROJECT_VERSION = 1;
				DEVELOPMENT_TEAM = 4KSAG49HZ9;
				GENERATE_INFOPLIST_FILE = YES;
				INFOPLIST_FILE = LoginValidation/Info.plist;
				INFOPLIST_KEY_UIApplicationSupportsIndirectInputEvents = YES;
				INFOPLIST_KEY_UILaunchStoryboardName = LaunchScreen;
				INFOPLIST_KEY_UISupportedInterfaceOrientations_iPad = "UIInterfaceOrientationPortrait UIInterfaceOrientationPortraitUpsideDown UIInterfaceOrientationLandscapeLeft UIInterfaceOrientationLandscapeRight";
				INFOPLIST_KEY_UISupportedInterfaceOrientations_iPhone = "UIInterfaceOrientationPortrait UIInterfaceOrientationLandscapeLeft UIInterfaceOrientationLandscapeRight";
				LD_RUNPATH_SEARCH_PATHS = (
					"$(inherited)",
					"@executable_path/Frameworks",
				);
				MARKETING_VERSION = 1.0;
				PRODUCT_BUNDLE_IDENTIFIER = NoCompany.LoginValidation;
				PRODUCT_NAME = "$(TARGET_NAME)";
				SWIFT_EMIT_LOC_STRINGS = YES;
				SWIFT_VERSION = 5.0;
				TARGETED_DEVICE_FAMILY = "1,2";
			};
			name = Debug;
		};
		F5FE5BDE28A114D0007F9A74 /* Release */ = {
			isa = XCBuildConfiguration;
			baseConfigurationReference = E660BB06FE19C7B73E1BF66B /* Pods-LoginValidation.release.xcconfig */;
			buildSettings = {
				ASSETCATALOG_COMPILER_APPICON_NAME = AppIcon;
				ASSETCATALOG_COMPILER_GLOBAL_ACCENT_COLOR_NAME = AccentColor;
				CODE_SIGN_STYLE = Automatic;
				CURRENT_PROJECT_VERSION = 1;
				DEVELOPMENT_TEAM = 4KSAG49HZ9;
				GENERATE_INFOPLIST_FILE = YES;
				INFOPLIST_FILE = LoginValidation/Info.plist;
				INFOPLIST_KEY_UIApplicationSupportsIndirectInputEvents = YES;
				INFOPLIST_KEY_UILaunchStoryboardName = LaunchScreen;
				INFOPLIST_KEY_UISupportedInterfaceOrientations_iPad = "UIInterfaceOrientationPortrait UIInterfaceOrientationPortraitUpsideDown UIInterfaceOrientationLandscapeLeft UIInterfaceOrientationLandscapeRight";
				INFOPLIST_KEY_UISupportedInterfaceOrientations_iPhone = "UIInterfaceOrientationPortrait UIInterfaceOrientationLandscapeLeft UIInterfaceOrientationLandscapeRight";
				LD_RUNPATH_SEARCH_PATHS = (
					"$(inherited)",
					"@executable_path/Frameworks",
				);
				MARKETING_VERSION = 1.0;
				PRODUCT_BUNDLE_IDENTIFIER = NoCompany.LoginValidation;
				PRODUCT_NAME = "$(TARGET_NAME)";
				SWIFT_EMIT_LOC_STRINGS = YES;
				SWIFT_VERSION = 5.0;
				TARGETED_DEVICE_FAMILY = "1,2";
			};
			name = Release;
		};
/* End XCBuildConfiguration section */

/* Begin XCConfigurationList section */
		F5FE5BC328A114CF007F9A74 /* Build configuration list for PBXProject "LoginValidation" */ = {
			isa = XCConfigurationList;
			buildConfigurations = (
				F5FE5BDA28A114D0007F9A74 /* Debug */,
				F5FE5BDB28A114D0007F9A74 /* Release */,
			);
			defaultConfigurationIsVisible = 0;
			defaultConfigurationName = Release;
		};
		F5FE5BDC28A114D0007F9A74 /* Build configuration list for PBXNativeTarget "LoginValidation" */ = {
			isa = XCConfigurationList;
			buildConfigurations = (
				F5FE5BDD28A114D0007F9A74 /* Debug */,
				F5FE5BDE28A114D0007F9A74 /* Release */,
			);
			defaultConfigurationIsVisible = 0;
			defaultConfigurationName = Release;
		};
/* End XCConfigurationList section */
	};
	rootObject = F5FE5BC028A114CF007F9A74 /* Project object */;
}
